<?xml version="1.0" encoding="utf-8"?>
<Project ToolsVersion="4.0" xmlns="http://schemas.microsoft.com/developer/msbuild/2003">
  <ItemGroup>
    <Filter Include="Source Files">
      <UniqueIdentifier>{4FC737F1-C7A5-4376-A066-2A32D752A2FF}</UniqueIdentifier>
      <Extensions>cpp;c;cc;cxx;c++;cppm;ixx;def;odl;idl;hpj;bat;asm;asmx</Extensions>
    </Filter>
    <Filter Include="Header Files">
      <UniqueIdentifier>{93995380-89BD-4b04-88EB-625FBE52EBFB}</UniqueIdentifier>
      <Extensions>h;hh;hpp;hxx;h++;hm;inl;inc;ipp;xsd</Extensions>
    </Filter>
    <Filter Include="Resource Files">
      <UniqueIdentifier>{67DA6AB6-F800-4c08-8B7A-83BB121AAD01}</UniqueIdentifier>
      <Extensions>rc;ico;cur;bmp;dlg;rc2;rct;bin;rgs;gif;jpg;jpeg;jpe;resx;tiff;tif;png;wav;mfcribbon-ms</Extensions>
    </Filter>
    <Filter Include="Source Files\GameObjects">
      <UniqueIdentifier>{2f9392b9-414c-424b-b9b3-16a5618a372f}</UniqueIdentifier>
    </Filter>
    <Filter Include="Header Files\GameObjects">
      <UniqueIdentifier>{b5a9574e-c238-4e69-b03e-44a92e12eda2}</UniqueIdentifier>
    </Filter>
    <Filter Include="Source Files\Input_Commands">
      <UniqueIdentifier>{a2631ed3-1537-4819-ae82-bcec32a04964}</UniqueIdentifier>
    </Filter>
    <Filter Include="Header Files\Input_Commands">
      <UniqueIdentifier>{1835f59a-5a04-42af-8981-f55c5207a1b3}</UniqueIdentifier>
    </Filter>
  </ItemGroup>
  <ItemGroup>
    <ClCompile Include="main.cpp">
      <Filter>Source Files</Filter>
    </ClCompile>
    <ClCompile Include="Game.cpp">
      <Filter>Source Files</Filter>
    </ClCompile>
    <ClCompile Include="GameState.cpp">
      <Filter>Source Files</Filter>
    </ClCompile>
    <ClCompile Include="MainGame.cpp">
      <Filter>Source Files</Filter>
    </ClCompile>
    <ClCompile Include="Ball.cpp">
      <Filter>Source Files\GameObjects</Filter>
    </ClCompile>
    <ClCompile Include="Brick.cpp">
      <Filter>Source Files\GameObjects</Filter>
    </ClCompile>
    <ClCompile Include="Collidable.cpp">
      <Filter>Source Files\GameObjects</Filter>
    </ClCompile>
    <ClCompile Include="Paddle.cpp">
      <Filter>Source Files\GameObjects</Filter>
    </ClCompile>
    <ClCompile Include="Player.cpp">
      <Filter>Source Files\GameObjects</Filter>
    </ClCompile>
    <ClCompile Include="Wall.cpp">
      <Filter>Source Files\GameObjects</Filter>
    </ClCompile>
    <ClCompile Include="GameObject.cpp">
      <Filter>Source Files\GameObjects</Filter>
    </ClCompile>
    <ClCompile Include="Moveable.cpp">
      <Filter>Source Files\GameObjects</Filter>
    </ClCompile>
    <ClCompile Include="Command.cpp">
      <Filter>Source Files\Input_Commands</Filter>
    </ClCompile>
    <ClCompile Include="MoveLeftCommand.cpp">
      <Filter>Source Files\Input_Commands</Filter>
    </ClCompile>
    <ClCompile Include="MoveRightCommand.cpp">
      <Filter>Source Files\Input_Commands</Filter>
    </ClCompile>
    <ClCompile Include="StopCommand.cpp">
      <Filter>Source Files\Input_Commands</Filter>
    </ClCompile>
    <ClCompile Include="Input.cpp">
      <Filter>Source Files\Input_Commands</Filter>
    </ClCompile>
    <ClCompile Include="PlayerProxy.cpp">
      <Filter>Source Files</Filter>
    </ClCompile>
    <ClCompile Include="GameText.cpp">
      <Filter>Source Files\GameObjects</Filter>
    </ClCompile>
    <ClCompile Include="ScoreText.cpp">
      <Filter>Source Files\GameObjects</Filter>
    </ClCompile>
    <ClCompile Include="GameObjectCollection.cpp">
      <Filter>Source Files</Filter>
    </ClCompile>
    <ClCompile Include="GameProxy.cpp">
      <Filter>Source Files</Filter>
    </ClCompile>
    <ClCompile Include="LivesText.cpp">
      <Filter>Source Files\GameObjects</Filter>
    </ClCompile>
    <ClCompile Include="StartText.cpp">
      <Filter>Source Files\GameObjects</Filter>
    </ClCompile>
    <ClCompile Include="StartGameCommand.cpp">
      <Filter>Source Files\Input_Commands</Filter>
    </ClCompile>
  </ItemGroup>
  <ItemGroup>
    <Text Include="DesignDocument.txt" />
  </ItemGroup>
  <ItemGroup>
    <ClInclude Include="Game.h">
      <Filter>Header Files</Filter>
    </ClInclude>
    <ClInclude Include="GameState.h">
      <Filter>Header Files</Filter>
    </ClInclude>
    <ClInclude Include="iGame.h">
      <Filter>Header Files</Filter>
    </ClInclude>
    <ClInclude Include="GameProxy.h">
      <Filter>Header Files</Filter>
    </ClInclude>
    <ClInclude Include="MainGame.h">
      <Filter>Header Files</Filter>
    </ClInclude>
    <ClInclude Include="Ball.h">
      <Filter>Header Files\GameObjects</Filter>
    </ClInclude>
    <ClInclude Include="Brick.h">
      <Filter>Header Files\GameObjects</Filter>
    </ClInclude>
    <ClInclude Include="Collidable.h">
      <Filter>Header Files\GameObjects</Filter>
    </ClInclude>
    <ClInclude Include="GameObject.h">
      <Filter>Header Files\GameObjects</Filter>
    </ClInclude>
    <ClInclude Include="Moveable.h">
      <Filter>Header Files\GameObjects</Filter>
    </ClInclude>
    <ClInclude Include="Paddle.h">
      <Filter>Header Files\GameObjects</Filter>
    </ClInclude>
    <ClInclude Include="Player.h">
      <Filter>Header Files\GameObjects</Filter>
    </ClInclude>
    <ClInclude Include="Wall.h">
      <Filter>Header Files\GameObjects</Filter>
    </ClInclude>
    <ClInclude Include="Command.h">
      <Filter>Header Files\Input_Commands</Filter>
    </ClInclude>
    <ClInclude Include="Input.h">
      <Filter>Header Files\Input_Commands</Filter>
    </ClInclude>
    <ClInclude Include="MoveLeftCommand.h">
      <Filter>Header Files\Input_Commands</Filter>
    </ClInclude>
    <ClInclude Include="MoveRightCommand.h">
      <Filter>Header Files\Input_Commands</Filter>
    </ClInclude>
    <ClInclude Include="StopCommand.h">
      <Filter>Header Files\Input_Commands</Filter>
    </ClInclude>
    <ClInclude Include="Utility_Collisions.h">
      <Filter>Header Files</Filter>
    </ClInclude>
    <ClInclude Include="PlayerProxy.h">
      <Filter>Header Files\GameObjects</Filter>
    </ClInclude>
    <ClInclude Include="GameText.h">
      <Filter>Header Files\GameObjects</Filter>
    </ClInclude>
    <ClInclude Include="ScoreText.h">
      <Filter>Header Files\GameObjects</Filter>
    </ClInclude>
    <ClInclude Include="GameObjectCollection.h">
      <Filter>Header Files</Filter>
    </ClInclude>
    <ClInclude Include="LivesText.h">
      <Filter>Header Files\GameObjects</Filter>
    </ClInclude>
    <ClInclude Include="StartGameCommand.h">
      <Filter>Header Files\Input_Commands</Filter>
    </ClInclude>
    <ClInclude Include="StartText.h">
      <Filter>Header Files</Filter>
    </ClInclude>
  </ItemGroup>
</Project>